
Microsoft Visual Studio Solution File, Format Version 12.00
# Visual Studio 15
VisualStudioVersion = 15.0.27004.2009
MinimumVisualStudioVersion = 10.0.40219.1
Project("{9A19103F-16F7-4668-BE54-9A1E7A4F7556}") = "magenta", "magenta\magenta.csproj", "{C31BFECD-1135-4F7E-9C49-1F7AA2A66DCE}"
EndProject
Project("{FAE04EC0-301F-11D3-BF4B-00C04F79EFBC}") = "DynorisClientCore", "DynorisClientCore\DynorisClientCore.csproj", "{7A4DBB81-958B-4CBD-93A6-B4132EF42B66}"
EndProject
Global
	GlobalSection(SolutionConfigurationPlatforms) = preSolution
		Debug|Any CPU = Debug|Any CPU
		Release|Any CPU = Release|Any CPU
	EndGlobalSection
	GlobalSection(ProjectConfigurationPlatforms) = postSolution
		{C31BFECD-1135-4F7E-9C49-1F7AA2A66DCE}.Debug|Any CPU.ActiveCfg = Debug|Any CPU
		{C31BFECD-1135-4F7E-9C49-1F7AA2A66DCE}.Debug|Any CPU.Build.0 = Debug|Any CPU
		{C31BFECD-1135-4F7E-9C49-1F7AA2A66DCE}.Release|Any CPU.ActiveCfg = Release|Any CPU
		{C31BFECD-1135-4F7E-9C49-1F7AA2A66DCE}.Release|Any CPU.Build.0 = Release|Any CPU
		{7A4DBB81-958B-4CBD-93A6-B4132EF42B66}.Debug|Any CPU.ActiveCfg = Debug|Any CPU
		{7A4DBB81-958B-4CBD-93A6-B4132EF42B66}.Debug|Any CPU.Build.0 = Debug|Any CPU
		{7A4DBB81-958B-4CBD-93A6-B4132EF42B66}.Release|Any CPU.ActiveCfg = Release|Any CPU
		{7A4DBB81-958B-4CBD-93A6-B4132EF42B66}.Release|Any CPU.Build.0 = Release|Any CPU
	EndGlobalSection
	GlobalSection(SolutionProperties) = preSolution
		HideSolutionNode = FALSE
	EndGlobalSection
	GlobalSection(ExtensibilityGlobals) = postSolution
		SolutionGuid = {F0F1A69E-214F-46DB-BD07-709BB942150F}
	EndGlobalSection
EndGlobal
